// !$*UTF8*$!
{
	archiveVersion = 1;
	classes = {
	};
	objectVersion = 56;
	objects = {

/* Begin PBXBuildFile section */
		6737A89F29785FF900528A16 /* C2CloneApp.swift in Sources */ = {isa = PBXBuildFile; fileRef = 6737A89E29785FF900528A16 /* C2CloneApp.swift */; };
		6737A8A129785FF900528A16 /* ContentView.swift in Sources */ = {isa = PBXBuildFile; fileRef = 6737A8A029785FF900528A16 /* ContentView.swift */; };
		6737A8A329785FFA00528A16 /* Assets.xcassets in Resources */ = {isa = PBXBuildFile; fileRef = 6737A8A229785FFA00528A16 /* Assets.xcassets */; };
		6737A8A629785FFA00528A16 /* Preview Assets.xcassets in Resources */ = {isa = PBXBuildFile; fileRef = 6737A8A529785FFA00528A16 /* Preview Assets.xcassets */; };
		6737A8B029785FFA00528A16 /* C2CloneTests.swift in Sources */ = {isa = PBXBuildFile; fileRef = 6737A8AF29785FFA00528A16 /* C2CloneTests.swift */; };
		6737A8BA29785FFA00528A16 /* C2CloneUITests.swift in Sources */ = {isa = PBXBuildFile; fileRef = 6737A8B929785FFA00528A16 /* C2CloneUITests.swift */; };
		6737A8BC29785FFA00528A16 /* C2CloneUITestsLaunchTests.swift in Sources */ = {isa = PBXBuildFile; fileRef = 6737A8BB29785FFA00528A16 /* C2CloneUITestsLaunchTests.swift */; };
/* End PBXBuildFile section */

/* Begin PBXContainerItemProxy section */
		6737A8AC29785FFA00528A16 /* PBXContainerItemProxy */ = {
			isa = PBXContainerItemProxy;
			containerPortal = 6737A89329785FF900528A16 /* Project object */;
			proxyType = 1;
			remoteGlobalIDString = 6737A89A29785FF900528A16;
			remoteInfo = C2Clone;
		};
		6737A8B629785FFA00528A16 /* PBXContainerItemProxy */ = {
			isa = PBXContainerItemProxy;
			containerPortal = 6737A89329785FF900528A16 /* Project object */;
			proxyType = 1;
			remoteGlobalIDString = 6737A89A29785FF900528A16;
			remoteInfo = C2Clone;
		};
/* End PBXContainerItemProxy section */

/* Begin PBXFileReference section */
		6737A89B29785FF900528A16 /* C2Clone.app */ = {isa = PBXFileReference; explicitFileType = wrapper.application; includeInIndex = 0; path = C2Clone.app; sourceTree = BUILT_PRODUCTS_DIR; };
		6737A89E29785FF900528A16 /* C2CloneApp.swift */ = {isa = PBXFileReference; lastKnownFileType = sourcecode.swift; path = C2CloneApp.swift; sourceTree = "<group>"; };
		6737A8A029785FF900528A16 /* ContentView.swift */ = {isa = PBXFileReference; lastKnownFileType = sourcecode.swift; path = ContentView.swift; sourceTree = "<group>"; };
		6737A8A229785FFA00528A16 /* Assets.xcassets */ = {isa = PBXFileReference; lastKnownFileType = folder.assetcatalog; path = Assets.xcassets; sourceTree = "<group>"; };
		6737A8A529785FFA00528A16 /* Preview Assets.xcassets */ = {isa = PBXFileReference; lastKnownFileType = folder.assetcatalog; path = "Preview Assets.xcassets"; sourceTree = "<group>"; };
		6737A8AB29785FFA00528A16 /* C2CloneTests.xctest */ = {isa = PBXFileReference; explicitFileType = wrapper.cfbundle; includeInIndex = 0; path = C2CloneTests.xctest; sourceTree = BUILT_PRODUCTS_DIR; };
		6737A8AF29785FFA00528A16 /* C2CloneTests.swift */ = {isa = PBXFileReference; lastKnownFileType = sourcecode.swift; path = C2CloneTests.swift; sourceTree = "<group>"; };
		6737A8B529785FFA00528A16 /* C2CloneUITests.xctest */ = {isa = PBXFileReference; explicitFileType = wrapper.cfbundle; includeInIndex = 0; path = C2CloneUITests.xctest; sourceTree = BUILT_PRODUCTS_DIR; };
		6737A8B929785FFA00528A16 /* C2CloneUITests.swift */ = {isa = PBXFileReference; lastKnownFileType = sourcecode.swift; path = C2CloneUITests.swift; sourceTree = "<group>"; };
		6737A8BB29785FFA00528A16 /* C2CloneUITestsLaunchTests.swift */ = {isa = PBXFileReference; lastKnownFileType = sourcecode.swift; path = C2CloneUITestsLaunchTests.swift; sourceTree = "<group>"; };
/* End PBXFileReference section */

/* Begin PBXFrameworksBuildPhase section */
		6737A89829785FF900528A16 /* Frameworks */ = {
			isa = PBXFrameworksBuildPhase;
			buildActionMask = 2147483647;
			files = (
			);
			runOnlyForDeploymentPostprocessing = 0;
		};
		6737A8A829785FFA00528A16 /* Frameworks */ = {
			isa = PBXFrameworksBuildPhase;
			buildActionMask = 2147483647;
			files = (
			);
			runOnlyForDeploymentPostprocessing = 0;
		};
		6737A8B229785FFA00528A16 /* Frameworks */ = {
			isa = PBXFrameworksBuildPhase;
			buildActionMask = 2147483647;
			files = (
			);
			runOnlyForDeploymentPostprocessing = 0;
		};
/* End PBXFrameworksBuildPhase section */

/* Begin PBXGroup section */
		6737A89229785FF900528A16 = {
			isa = PBXGroup;
			children = (
				6737A89D29785FF900528A16 /* C2Clone */,
				6737A8AE29785FFA00528A16 /* C2CloneTests */,
				6737A8B829785FFA00528A16 /* C2CloneUITests */,
				6737A89C29785FF900528A16 /* Products */,
			);
			sourceTree = "<group>";
		};
		6737A89C29785FF900528A16 /* Products */ = {
			isa = PBXGroup;
			children = (
				6737A89B29785FF900528A16 /* C2Clone.app */,
				6737A8AB29785FFA00528A16 /* C2CloneTests.xctest */,
				6737A8B529785FFA00528A16 /* C2CloneUITests.xctest */,
			);
			name = Products;
			sourceTree = "<group>";
		};
		6737A89D29785FF900528A16 /* C2Clone */ = {
			isa = PBXGroup;
			children = (
				6737A89E29785FF900528A16 /* C2CloneApp.swift */,
				6737A8A029785FF900528A16 /* ContentView.swift */,
				6737A8A229785FFA00528A16 /* Assets.xcassets */,
				6737A8A429785FFA00528A16 /* Preview Content */,
			);
			path = C2Clone;
			sourceTree = "<group>";
		};
		6737A8A429785FFA00528A16 /* Preview Content */ = {
			isa = PBXGroup;
			children = (
				6737A8A529785FFA00528A16 /* Preview Assets.xcassets */,
			);
			path = "Preview Content";
			sourceTree = "<group>";
		};
		6737A8AE29785FFA00528A16 /* C2CloneTests */ = {
			isa = PBXGroup;
			children = (
				6737A8AF29785FFA00528A16 /* C2CloneTests.swift */,
			);
			path = C2CloneTests;
			sourceTree = "<group>";
		};
		6737A8B829785FFA00528A16 /* C2CloneUITests */ = {
			isa = PBXGroup;
			children = (
				6737A8B929785FFA00528A16 /* C2CloneUITests.swift */,
				6737A8BB29785FFA00528A16 /* C2CloneUITestsLaunchTests.swift */,
			);
			path = C2CloneUITests;
			sourceTree = "<group>";
		};
/* End PBXGroup section */

/* Begin PBXNativeTarget section */
		6737A89A29785FF900528A16 /* C2Clone */ = {
			isa = PBXNativeTarget;
			buildConfigurationList = 6737A8BF29785FFA00528A16 /* Build configuration list for PBXNativeTarget "C2Clone" */;
			buildPhases = (
				6737A89729785FF900528A16 /* Sources */,
				6737A89829785FF900528A16 /* Frameworks */,
				6737A89929785FF900528A16 /* Resources */,
			);
			buildRules = (
			);
			dependencies = (
			);
			name = C2Clone;
			productName = C2Clone;
			productReference = 6737A89B29785FF900528A16 /* C2Clone.app */;
			productType = "com.apple.product-type.application";
		};
		6737A8AA29785FFA00528A16 /* C2CloneTests */ = {
			isa = PBXNativeTarget;
			buildConfigurationList = 6737A8C229785FFA00528A16 /* Build configuration list for PBXNativeTarget "C2CloneTests" */;
			buildPhases = (
				6737A8A729785FFA00528A16 /* Sources */,
				6737A8A829785FFA00528A16 /* Frameworks */,
				6737A8A929785FFA00528A16 /* Resources */,
			);
			buildRules = (
			);
			dependencies = (
				6737A8AD29785FFA00528A16 /* PBXTargetDependency */,
			);
			name = C2CloneTests;
			productName = C2CloneTests;
			productReference = 6737A8AB29785FFA00528A16 /* C2CloneTests.xctest */;
			productType = "com.apple.product-type.bundle.unit-test";
		};
		6737A8B429785FFA00528A16 /* C2CloneUITests */ = {
			isa = PBXNativeTarget;
			buildConfigurationList = 6737A8C529785FFA00528A16 /* Build configuration list for PBXNativeTarget "C2CloneUITests" */;
			buildPhases = (
				6737A8B129785FFA00528A16 /* Sources */,
				6737A8B229785FFA00528A16 /* Frameworks */,
				6737A8B329785FFA00528A16 /* Resources */,
			);
			buildRules = (
			);
			dependencies = (
				6737A8B729785FFA00528A16 /* PBXTargetDependency */,
			);
			name = C2CloneUITests;
			productName = C2CloneUITests;
			productReference = 6737A8B529785FFA00528A16 /* C2CloneUITests.xctest */;
			productType = "com.apple.product-type.bundle.ui-testing";
		};
/* End PBXNativeTarget section */

/* Begin PBXProject section */
		6737A89329785FF900528A16 /* Project object */ = {
			isa = PBXProject;
			attributes = {
				BuildIndependentTargetsInParallel = 1;
				LastSwiftUpdateCheck = 1420;
				LastUpgradeCheck = 1420;
				TargetAttributes = {
					6737A89A29785FF900528A16 = {
						CreatedOnToolsVersion = 14.2;
					};
					6737A8AA29785FFA00528A16 = {
						CreatedOnToolsVersion = 14.2;
						TestTargetID = 6737A89A29785FF900528A16;
					};
					6737A8B429785FFA00528A16 = {
						CreatedOnToolsVersion = 14.2;
						TestTargetID = 6737A89A29785FF900528A16;
					};
				};
			};
			buildConfigurationList = 6737A89629785FF900528A16 /* Build configuration list for PBXProject "C2Clone" */;
			compatibilityVersion = "Xcode 14.0";
			developmentRegion = en;
			hasScannedForEncodings = 0;
			knownRegions = (
				en,
				Base,
			);
			mainGroup = 6737A89229785FF900528A16;
			productRefGroup = 6737A89C29785FF900528A16 /* Products */;
			projectDirPath = "";
			projectRoot = "";
			targets = (
				6737A89A29785FF900528A16 /* C2Clone */,
				6737A8AA29785FFA00528A16 /* C2CloneTests */,
				6737A8B429785FFA00528A16 /* C2CloneUITests */,
			);
		};
/* End PBXProject section */

/* Begin PBXResourcesBuildPhase section */
		6737A89929785FF900528A16 /* Resources */ = {
			isa = PBXResourcesBuildPhase;
			buildActionMask = 2147483647;
			files = (
				6737A8A629785FFA00528A16 /* Preview Assets.xcassets in Resources */,
				6737A8A329785FFA00528A16 /* Assets.xcassets in Resources */,
			);
			runOnlyForDeploymentPostprocessing = 0;
		};
		6737A8A929785FFA00528A16 /* Resources */ = {
			isa = PBXResourcesBuildPhase;
			buildActionMask = 2147483647;
			files = (
			);
			runOnlyForDeploymentPostprocessing = 0;
		};
		6737A8B329785FFA00528A16 /* Resources */ = {
			isa = PBXResourcesBuildPhase;
			buildActionMask = 2147483647;
			files = (
			);
			runOnlyForDeploymentPostprocessing = 0;
		};
/* End PBXResourcesBuildPhase section */

/* Begin PBXSourcesBuildPhase section */
		6737A89729785FF900528A16 /* Sources */ = {
			isa = PBXSourcesBuildPhase;
			buildActionMask = 2147483647;
			files = (
				6737A8A129785FF900528A16 /* ContentView.swift in Sources */,
				6737A89F29785FF900528A16 /* C2CloneApp.swift in Sources */,
			);
			runOnlyForDeploymentPostprocessing = 0;
		};
		6737A8A729785FFA00528A16 /* Sources */ = {
			isa = PBXSourcesBuildPhase;
			buildActionMask = 2147483647;
			files = (
				6737A8B029785FFA00528A16 /* C2CloneTests.swift in Sources */,
			);
			runOnlyForDeploymentPostprocessing = 0;
		};
		6737A8B129785FFA00528A16 /* Sources */ = {
			isa = PBXSourcesBuildPhase;
			buildActionMask = 2147483647;
			files = (
				6737A8BA29785FFA00528A16 /* C2CloneUITests.swift in Sources */,
				6737A8BC29785FFA00528A16 /* C2CloneUITestsLaunchTests.swift in Sources */,
			);
			runOnlyForDeploymentPostprocessing = 0;
		};
/* End PBXSourcesBuildPhase section */

/* Begin PBXTargetDependency section */
		6737A8AD29785FFA00528A16 /* PBXTargetDependency */ = {
			isa = PBXTargetDependency;
			target = 6737A89A29785FF900528A16 /* C2Clone */;
			targetProxy = 6737A8AC29785FFA00528A16 /* PBXContainerItemProxy */;
		};
		6737A8B729785FFA00528A16 /* PBXTargetDependency */ = {
			isa = PBXTargetDependency;
			target = 6737A89A29785FF900528A16 /* C2Clone */;
			targetProxy = 6737A8B629785FFA00528A16 /* PBXContainerItemProxy */;
		};
/* End PBXTargetDependency section */

/* Begin XCBuildConfiguration section */
		6737A8BD29785FFA00528A16 /* Debug */ = {
			isa = XCBuildConfiguration;
			buildSettings = {
				ALWAYS_SEARCH_USER_PATHS = NO;
				CLANG_ANALYZER_NONNULL = YES;
				CLANG_ANALYZER_NUMBER_OBJECT_CONVERSION = YES_AGGRESSIVE;
				CLANG_CXX_LANGUAGE_STANDARD = "gnu++20";
				CLANG_ENABLE_MODULES = YES;
				CLANG_ENABLE_OBJC_ARC = YES;
				CLANG_ENABLE_OBJC_WEAK = YES;
				CLANG_WARN_BLOCK_CAPTURE_AUTORELEASING = YES;
				CLANG_WARN_BOOL_CONVERSION = YES;
				CLANG_WARN_COMMA = YES;
				CLANG_WARN_CONSTANT_CONVERSION = YES;
				CLANG_WARN_DEPRECATED_OBJC_IMPLEMENTATIONS = YES;
				CLANG_WARN_DIRECT_OBJC_ISA_USAGE = YES_ERROR;
				CLANG_WARN_DOCUMENTATION_COMMENTS = YES;
				CLANG_WARN_EMPTY_BODY = YES;
				CLANG_WARN_ENUM_CONVERSION = YES;
				CLANG_WARN_INFINITE_RECURSION = YES;
				CLANG_WARN_INT_CONVERSION = YES;
				CLANG_WARN_NON_LITERAL_NULL_CONVERSION = YES;
				CLANG_WARN_OBJC_IMPLICIT_RETAIN_SELF = YES;
				CLANG_WARN_OBJC_LITERAL_CONVERSION = YES;
				CLANG_WARN_OBJC_ROOT_CLASS = YES_ERROR;
				CLANG_WARN_QUOTED_INCLUDE_IN_FRAMEWORK_HEADER = YES;
				CLANG_WARN_RANGE_LOOP_ANALYSIS = YES;
				CLANG_WARN_STRICT_PROTOTYPES = YES;
				CLANG_WARN_SUSPICIOUS_MOVE = YES;
				CLANG_WARN_UNGUARDED_AVAILABILITY = YES_AGGRESSIVE;
				CLANG_WARN_UNREACHABLE_CODE = YES;
				CLANG_WARN__DUPLICATE_METHOD_MATCH = YES;
				COPY_PHASE_STRIP = NO;
				DEBUG_INFORMATION_FORMAT = dwarf;
				ENABLE_STRICT_OBJC_MSGSEND = YES;
				ENABLE_TESTABILITY = YES;
				GCC_C_LANGUAGE_STANDARD = gnu11;
				GCC_DYNAMIC_NO_PIC = NO;
				GCC_NO_COMMON_BLOCKS = YES;
				GCC_OPTIMIZATION_LEVEL = 0;
				GCC_PREPROCESSOR_DEFINITIONS = (
					"DEBUG=1",
					"$(inherited)",
				);
				GCC_WARN_64_TO_32_BIT_CONVERSION = YES;
				GCC_WARN_ABOUT_RETURN_TYPE = YES_ERROR;
				GCC_WARN_UNDECLARED_SELECTOR = YES;
				GCC_WARN_UNINITIALIZED_AUTOS = YES_AGGRESSIVE;
				GCC_WARN_UNUSED_FUNCTION = YES;
				GCC_WARN_UNUSED_VARIABLE = YES;
				IPHONEOS_DEPLOYMENT_TARGET = 16.2;
				MTL_ENABLE_DEBUG_INFO = INCLUDE_SOURCE;
				MTL_FAST_MATH = YES;
				ONLY_ACTIVE_ARCH = YES;
				SDKROOT = iphoneos;
				SWIFT_ACTIVE_COMPILATION_CONDITIONS = DEBUG;
				SWIFT_OPTIMIZATION_LEVEL = "-Onone";
			};
			name = Debug;
		};
		6737A8BE29785FFA00528A16 /* Release */ = {
			isa = XCBuildConfiguration;
			buildSettings = {
				ALWAYS_SEARCH_USER_PATHS = NO;
				CLANG_ANALYZER_NONNULL = YES;
				CLANG_ANALYZER_NUMBER_OBJECT_CONVERSION = YES_AGGRESSIVE;
				CLANG_CXX_LANGUAGE_STANDARD = "gnu++20";
				CLANG_ENABLE_MODULES = YES;
				CLANG_ENABLE_OBJC_ARC = YES;
				CLANG_ENABLE_OBJC_WEAK = YES;
				CLANG_WARN_BLOCK_CAPTURE_AUTORELEASING = YES;
				CLANG_WARN_BOOL_CONVERSION = YES;
				CLANG_WARN_COMMA = YES;
				CLANG_WARN_CONSTANT_CONVERSION = YES;
				CLANG_WARN_DEPRECATED_OBJC_IMPLEMENTATIONS = YES;
				CLANG_WARN_DIRECT_OBJC_ISA_USAGE = YES_ERROR;
				CLANG_WARN_DOCUMENTATION_COMMENTS = YES;
				CLANG_WARN_EMPTY_BODY = YES;
				CLANG_WARN_ENUM_CONVERSION = YES;
				CLANG_WARN_INFINITE_RECURSION = YES;
				CLANG_WARN_INT_CONVERSION = YES;
				CLANG_WARN_NON_LITERAL_NULL_CONVERSION = YES;
				CLANG_WARN_OBJC_IMPLICIT_RETAIN_SELF = YES;
				CLANG_WARN_OBJC_LITERAL_CONVERSION = YES;
				CLANG_WARN_OBJC_ROOT_CLASS = YES_ERROR;
				CLANG_WARN_QUOTED_INCLUDE_IN_FRAMEWORK_HEADER = YES;
				CLANG_WARN_RANGE_LOOP_ANALYSIS = YES;
				CLANG_WARN_STRICT_PROTOTYPES = YES;
				CLANG_WARN_SUSPICIOUS_MOVE = YES;
				CLANG_WARN_UNGUARDED_AVAILABILITY = YES_AGGRESSIVE;
				CLANG_WARN_UNREACHABLE_CODE = YES;
				CLANG_WARN__DUPLICATE_METHOD_MATCH = YES;
				COPY_PHASE_STRIP = NO;
				DEBUG_INFORMATION_FORMAT = "dwarf-with-dsym";
				ENABLE_NS_ASSERTIONS = NO;
				ENABLE_STRICT_OBJC_MSGSEND = YES;
				GCC_C_LANGUAGE_STANDARD = gnu11;
				GCC_NO_COMMON_BLOCKS = YES;
				GCC_WARN_64_TO_32_BIT_CONVERSION = YES;
				GCC_WARN_ABOUT_RETURN_TYPE = YES_ERROR;
				GCC_WARN_UNDECLARED_SELECTOR = YES;
				GCC_WARN_UNINITIALIZED_AUTOS = YES_AGGRESSIVE;
				GCC_WARN_UNUSED_FUNCTION = YES;
				GCC_WARN_UNUSED_VARIABLE = YES;
				IPHONEOS_DEPLOYMENT_TARGET = 16.2;
				MTL_ENABLE_DEBUG_INFO = NO;
				MTL_FAST_MATH = YES;
				SDKROOT = iphoneos;
				SWIFT_COMPILATION_MODE = wholemodule;
				SWIFT_OPTIMIZATION_LEVEL = "-O";
				VALIDATE_PRODUCT = YES;
			};
			name = Release;
		};
		6737A8C029785FFA00528A16 /* Debug */ = {
			isa = XCBuildConfiguration;
			buildSettings = {
				ASSETCATALOG_COMPILER_APPICON_NAME = AppIcon;
				ASSETCATALOG_COMPILER_GLOBAL_ACCENT_COLOR_NAME = AccentColor;
				CODE_SIGN_STYLE = Automatic;
				CURRENT_PROJECT_VERSION = 1;
				DEVELOPMENT_ASSET_PATHS = "\"C2Clone/Preview Content\"";
				DEVELOPMENT_TEAM = QPD3Q5N8HK;
				ENABLE_PREVIEWS = YES;
				GENERATE_INFOPLIST_FILE = YES;
				INFOPLIST_KEY_UIApplicationSceneManifest_Generation = YES;
				INFOPLIST_KEY_UIApplicationSupportsIndirectInputEvents = YES;
				INFOPLIST_KEY_UILaunchScreen_Generation = YES;
				INFOPLIST_KEY_UISupportedInterfaceOrientations_iPad = "UIInterfaceOrientationPortrait UIInterfaceOrientationPortraitUpsideDown UIInterfaceOrientationLandscapeLeft UIInterfaceOrientationLandscapeRight";
				INFOPLIST_KEY_UISupportedInterfaceOrientations_iPhone = "UIInterfaceOrientationPortrait UIInterfaceOrientationLandscapeLeft UIInterfaceOrientationLandscapeRight";
				LD_RUNPATH_SEARCH_PATHS = (
					"$(inherited)",
					"@executable_path/Frameworks",
				);
				MARKETING_VERSION = 1.0;
				PRODUCT_BUNDLE_IDENTIFIER = iOS.C2Clone;
				PRODUCT_NAME = "$(TARGET_NAME)";
				SWIFT_EMIT_LOC_STRINGS = YES;
				SWIFT_VERSION = 5.0;
				TARGETED_DEVICE_FAMILY = "1,2";
			};
			name = Debug;
		};
		6737A8C129785FFA00528A16 /* Release */ = {
			isa = XCBuildConfiguration;
			buildSettings = {
				ASSETCATALOG_COMPILER_APPICON_NAME = AppIcon;
				ASSETCATALOG_COMPILER_GLOBAL_ACCENT_COLOR_NAME = AccentColor;
				CODE_SIGN_STYLE = Automatic;
				CURRENT_PROJECT_VERSION = 1;
				DEVELOPMENT_ASSET_PATHS = "\"C2Clone/Preview Content\"";
				DEVELOPMENT_TEAM = QPD3Q5N8HK;
				ENABLE_PREVIEWS = YES;
				GENERATE_INFOPLIST_FILE = YES;
				INFOPLIST_KEY_UIApplicationSceneManifest_Generation = YES;
				INFOPLIST_KEY_UIApplicationSupportsIndirectInputEvents = YES;
				INFOPLIST_KEY_UILaunchScreen_Generation = YES;
				INFOPLIST_KEY_UISupportedInterfaceOrientations_iPad = "UIInterfaceOrientationPortrait UIInterfaceOrientationPortraitUpsideDown UIInterfaceOrientationLandscapeLeft UIInterfaceOrientationLandscapeRight";
				INFOPLIST_KEY_UISupportedInterfaceOrientations_iPhone = "UIInterfaceOrientationPortrait UIInterfaceOrientationLandscapeLeft UIInterfaceOrientationLandscapeRight";
				LD_RUNPATH_SEARCH_PATHS = (
					"$(inherited)",
					"@executable_path/Frameworks",
				);
				MARKETING_VERSION = 1.0;
				PRODUCT_BUNDLE_IDENTIFIER = iOS.C2Clone;
				PRODUCT_NAME = "$(TARGET_NAME)";
				SWIFT_EMIT_LOC_STRINGS = YES;
				SWIFT_VERSION = 5.0;
				TARGETED_DEVICE_FAMILY = "1,2";
			};
			name = Release;
		};
		6737A8C329785FFA00528A16 /* Debug */ = {
			isa = XCBuildConfiguration;
			buildSettings = {
				ALWAYS_EMBED_SWIFT_STANDARD_LIBRARIES = YES;
				BUNDLE_LOADER = "$(TEST_HOST)";
				CODE_SIGN_STYLE = Automatic;
				CURRENT_PROJECT_VERSION = 1;
				DEVELOPMENT_TEAM = QPD3Q5N8HK;
				GENERATE_INFOPLIST_FILE = YES;
				IPHONEOS_DEPLOYMENT_TARGET = 16.2;
				MARKETING_VERSION = 1.0;
				PRODUCT_BUNDLE_IDENTIFIER = iOS.C2CloneTests;
				PRODUCT_NAME = "$(TARGET_NAME)";
				SWIFT_EMIT_LOC_STRINGS = NO;
				SWIFT_VERSION = 5.0;
				TARGETED_DEVICE_FAMILY = "1,2";
				TEST_HOST = "$(BUILT_PRODUCTS_DIR)/C2Clone.app/$(BUNDLE_EXECUTABLE_FOLDER_PATH)/C2Clone";
			};
			name = Debug;
		};
		6737A8C429785FFA00528A16 /* Release */ = {
			isa = XCBuildConfiguration;
			buildSettings = {
				ALWAYS_EMBED_SWIFT_STANDARD_LIBRARIES = YES;
				BUNDLE_LOADER = "$(TEST_HOST)";
				CODE_SIGN_STYLE = Automatic;
				CURRENT_PROJECT_VERSION = 1;
				DEVELOPMENT_TEAM = QPD3Q5N8HK;
				GENERATE_INFOPLIST_FILE = YES;
				IPHONEOS_DEPLOYMENT_TARGET = 16.2;
				MARKETING_VERSION = 1.0;
				PRODUCT_BUNDLE_IDENTIFIER = iOS.C2CloneTests;
				PRODUCT_NAME = "$(TARGET_NAME)";
				SWIFT_EMIT_LOC_STRINGS = NO;
				SWIFT_VERSION = 5.0;
				TARGETED_DEVICE_FAMILY = "1,2";
				TEST_HOST = "$(BUILT_PRODUCTS_DIR)/C2Clone.app/$(BUNDLE_EXECUTABLE_FOLDER_PATH)/C2Clone";
			};
			name = Release;
		};
		6737A8C629785FFA00528A16 /* Debug */ = {
			isa = XCBuildConfiguration;
			buildSettings = {
				ALWAYS_EMBED_SWIFT_STANDARD_LIBRARIES = YES;
				CODE_SIGN_STYLE = Automatic;
				CURRENT_PROJECT_VERSION = 1;
				DEVELOPMENT_TEAM = QPD3Q5N8HK;
				GENERATE_INFOPLIST_FILE = YES;
				MARKETING_VERSION = 1.0;
				PRODUCT_BUNDLE_IDENTIFIER = iOS.C2CloneUITests;
				PRODUCT_NAME = "$(TARGET_NAME)";
				SWIFT_EMIT_LOC_STRINGS = NO;
				SWIFT_VERSION = 5.0;
				TARGETED_DEVICE_FAMILY = "1,2";
				TEST_TARGET_NAME = C2Clone;
			};
			name = Debug;
		};
		6737A8C729785FFA00528A16 /* Release */ = {
			isa = XCBuildConfiguration;
			buildSettings = {
				ALWAYS_EMBED_SWIFT_STANDARD_LIBRARIES = YES;
				CODE_SIGN_STYLE = Automatic;
				CURRENT_PROJECT_VERSION = 1;
				DEVELOPMENT_TEAM = QPD3Q5N8HK;
				GENERATE_INFOPLIST_FILE = YES;
				MARKETING_VERSION = 1.0;
				PRODUCT_BUNDLE_IDENTIFIER = iOS.C2CloneUITests;
				PRODUCT_NAME = "$(TARGET_NAME)";
				SWIFT_EMIT_LOC_STRINGS = NO;
				SWIFT_VERSION = 5.0;
				TARGETED_DEVICE_FAMILY = "1,2";
				TEST_TARGET_NAME = C2Clone;
			};
			name = Release;
		};
/* End XCBuildConfiguration section */

/* Begin XCConfigurationList section */
		6737A89629785FF900528A16 /* Build configuration list for PBXProject "C2Clone" */ = {
			isa = XCConfigurationList;
			buildConfigurations = (
				6737A8BD29785FFA00528A16 /* Debug */,
				6737A8BE29785FFA00528A16 /* Release */,
			);
			defaultConfigurationIsVisible = 0;
			defaultConfigurationName = Release;
		};
		6737A8BF29785FFA00528A16 /* Build configuration list for PBXNativeTarget "C2Clone" */ = {
			isa = XCConfigurationList;
			buildConfigurations = (
				6737A8C029785FFA00528A16 /* Debug */,
				6737A8C129785FFA00528A16 /* Release */,
			);
			defaultConfigurationIsVisible = 0;
			defaultConfigurationName = Release;
		};
		6737A8C229785FFA00528A16 /* Build configuration list for PBXNativeTarget "C2CloneTests" */ = {
			isa = XCConfigurationList;
			buildConfigurations = (
				6737A8C329785FFA00528A16 /* Debug */,
				6737A8C429785FFA00528A16 /* Release */,
			);
			defaultConfigurationIsVisible = 0;
			defaultConfigurationName = Release;
		};
		6737A8C529785FFA00528A16 /* Build configuration list for PBXNativeTarget "C2CloneUITests" */ = {
			isa = XCConfigurationList;
			buildConfigurations = (
				6737A8C629785FFA00528A16 /* Debug */,
				6737A8C729785FFA00528A16 /* Release */,
			);
			defaultConfigurationIsVisible = 0;
			defaultConfigurationName = Release;
		};
/* End XCConfigurationList section */
	};
	rootObject = 6737A89329785FF900528A16 /* Project object */;
}
